
Microsoft Visual Studio Solution File, Format Version 12.00
# Visual Studio Version 16
VisualStudioVersion = 16.0.30804.86
MinimumVisualStudioVersion = 10.0.40219.1
Project("{8BC9CEB8-8B4A-11D0-8D11-00A0C91BC942}") = "LoggerProcessEvent", "LoggerProcessEvent\LoggerProcessEvent.vcxproj", "{2B19F816-5492-43DC-BACD-D7B5A8A708DB}"
EndProject
Project("{2150E333-8FDC-42A3-9474-1A3956D46DE8}") = "Common", "Common", "{8DC2E0AD-3A95-44A0-8C47-AC4E42FB0230}"
	ProjectSection(SolutionItems) = preProject
		Common.h = Common.h
	EndProjectSection
EndProject
Project("{8BC9CEB8-8B4A-11D0-8D11-00A0C91BC942}") = "FunctionDumper", "FunctionDumper\FunctionDumper.vcxproj", "{9B67C3A8-98F8-4182-BD7E-FABB5BD9005D}"
EndProject
Project("{8BC9CEB8-8B4A-11D0-8D11-00A0C91BC942}") = "LoggerProcessInternal", "LoggerProcessInternal\LoggerProcessInternal.vcxproj", "{F00C66F1-95DF-4BDC-B536-C168078929DC}"
EndProject
Project("{8BC9CEB8-8B4A-11D0-8D11-00A0C91BC942}") = "ExampleConsoleCommands", "ExampleConsoleCommands\ExampleConsoleCommands.vcxproj", "{FBAC8665-7AC8-4CE7-BF28-3A6009F3B586}"
EndProject
Project("{8BC9CEB8-8B4A-11D0-8D11-00A0C91BC942}") = "LoggerCallFunction", "LoggerCallFunction\LoggerCallFunction.vcxproj", "{E79494CB-1DEC-4979-93FA-7F5DDD00D611}"
EndProject
Global
	GlobalSection(SolutionConfigurationPlatforms) = preSolution
		Debug|x64 = Debug|x64
		Debug|x86 = Debug|x86
		Release|x64 = Release|x64
		Release|x86 = Release|x86
	EndGlobalSection
	GlobalSection(ProjectConfigurationPlatforms) = postSolution
		{2B19F816-5492-43DC-BACD-D7B5A8A708DB}.Debug|x64.ActiveCfg = Debug|x64
		{2B19F816-5492-43DC-BACD-D7B5A8A708DB}.Debug|x64.Build.0 = Debug|x64
		{2B19F816-5492-43DC-BACD-D7B5A8A708DB}.Debug|x86.ActiveCfg = Debug|Win32
		{2B19F816-5492-43DC-BACD-D7B5A8A708DB}.Debug|x86.Build.0 = Debug|Win32
		{2B19F816-5492-43DC-BACD-D7B5A8A708DB}.Release|x64.ActiveCfg = Release|x64
		{2B19F816-5492-43DC-BACD-D7B5A8A708DB}.Release|x64.Build.0 = Release|x64
		{2B19F816-5492-43DC-BACD-D7B5A8A708DB}.Release|x86.ActiveCfg = Release|Win32
		{2B19F816-5492-43DC-BACD-D7B5A8A708DB}.Release|x86.Build.0 = Release|Win32
		{9B67C3A8-98F8-4182-BD7E-FABB5BD9005D}.Debug|x64.ActiveCfg = Debug|x64
		{9B67C3A8-98F8-4182-BD7E-FABB5BD9005D}.Debug|x64.Build.0 = Debug|x64
		{9B67C3A8-98F8-4182-BD7E-FABB5BD9005D}.Debug|x86.ActiveCfg = Debug|Win32
		{9B67C3A8-98F8-4182-BD7E-FABB5BD9005D}.Debug|x86.Build.0 = Debug|Win32
		{9B67C3A8-98F8-4182-BD7E-FABB5BD9005D}.Release|x64.ActiveCfg = Release|x64
		{9B67C3A8-98F8-4182-BD7E-FABB5BD9005D}.Release|x64.Build.0 = Release|x64
		{9B67C3A8-98F8-4182-BD7E-FABB5BD9005D}.Release|x86.ActiveCfg = Release|Win32
		{9B67C3A8-98F8-4182-BD7E-FABB5BD9005D}.Release|x86.Build.0 = Release|Win32
		{F00C66F1-95DF-4BDC-B536-C168078929DC}.Debug|x64.ActiveCfg = Debug|x64
		{F00C66F1-95DF-4BDC-B536-C168078929DC}.Debug|x64.Build.0 = Debug|x64
		{F00C66F1-95DF-4BDC-B536-C168078929DC}.Debug|x86.ActiveCfg = Debug|Win32
		{F00C66F1-95DF-4BDC-B536-C168078929DC}.Debug|x86.Build.0 = Debug|Win32
		{F00C66F1-95DF-4BDC-B536-C168078929DC}.Release|x64.ActiveCfg = Release|x64
		{F00C66F1-95DF-4BDC-B536-C168078929DC}.Release|x64.Build.0 = Release|x64
		{F00C66F1-95DF-4BDC-B536-C168078929DC}.Release|x86.ActiveCfg = Release|Win32
		{F00C66F1-95DF-4BDC-B536-C168078929DC}.Release|x86.Build.0 = Release|Win32
		{FBAC8665-7AC8-4CE7-BF28-3A6009F3B586}.Debug|x64.ActiveCfg = Debug|x64
		{FBAC8665-7AC8-4CE7-BF28-3A6009F3B586}.Debug|x64.Build.0 = Debug|x64
		{FBAC8665-7AC8-4CE7-BF28-3A6009F3B586}.Debug|x86.ActiveCfg = Debug|Win32
		{FBAC8665-7AC8-4CE7-BF28-3A6009F3B586}.Debug|x86.Build.0 = Debug|Win32
		{FBAC8665-7AC8-4CE7-BF28-3A6009F3B586}.Release|x64.ActiveCfg = Release|x64
		{FBAC8665-7AC8-4CE7-BF28-3A6009F3B586}.Release|x64.Build.0 = Release|x64
		{FBAC8665-7AC8-4CE7-BF28-3A6009F3B586}.Release|x86.ActiveCfg = Release|Win32
		{FBAC8665-7AC8-4CE7-BF28-3A6009F3B586}.Release|x86.Build.0 = Release|Win32
		{E79494CB-1DEC-4979-93FA-7F5DDD00D611}.Debug|x64.ActiveCfg = Debug|x64
		{E79494CB-1DEC-4979-93FA-7F5DDD00D611}.Debug|x64.Build.0 = Debug|x64
		{E79494CB-1DEC-4979-93FA-7F5DDD00D611}.Debug|x86.ActiveCfg = Debug|Win32
		{E79494CB-1DEC-4979-93FA-7F5DDD00D611}.Debug|x86.Build.0 = Debug|Win32
		{E79494CB-1DEC-4979-93FA-7F5DDD00D611}.Release|x64.ActiveCfg = Release|x64
		{E79494CB-1DEC-4979-93FA-7F5DDD00D611}.Release|x64.Build.0 = Release|x64
		{E79494CB-1DEC-4979-93FA-7F5DDD00D611}.Release|x86.ActiveCfg = Release|Win32
		{E79494CB-1DEC-4979-93FA-7F5DDD00D611}.Release|x86.Build.0 = Release|Win32
	EndGlobalSection
	GlobalSection(SolutionProperties) = preSolution
		HideSolutionNode = FALSE
	EndGlobalSection
	GlobalSection(ExtensibilityGlobals) = postSolution
		SolutionGuid = {D6BB7020-230E-47A2-8438-E1077EEAD024}
	EndGlobalSection
EndGlobal
